// !$*UTF8*$!
{
	archiveVersion = 1;
	classes = {
	};
	objectVersion = 46;
	objects = {

/* Begin PBXBuildFile section */
		B370DA101AB78B58000C8ADF /* fast@2x~iphone.png in Resources */ = {isa = PBXBuildFile; fileRef = B370DA0F1AB78B58000C8ADF /* fast@2x~iphone.png */; };
		B377B3F41ABD1BC700733623 /* darthvader@2x~iphone.png in Resources */ = {isa = PBXBuildFile; fileRef = B377B3F31ABD1BC700733623 /* darthvader@2x~iphone.png */; };
		B37CCB191ABCCD4800649D01 /* RecordedAudio.swift in Sources */ = {isa = PBXBuildFile; fileRef = B37CCB181ABCCD4800649D01 /* RecordedAudio.swift */; };
		B3AE28D51ABDFD68006D9999 /* echo2x-iphone.png in Resources */ = {isa = PBXBuildFile; fileRef = B3AE28D31ABDFD68006D9999 /* echo2x-iphone.png */; };
		B3AE28D61ABDFD68006D9999 /* reverb2x-iphone.png in Resources */ = {isa = PBXBuildFile; fileRef = B3AE28D41ABDFD68006D9999 /* reverb2x-iphone.png */; };
		B3CA582C1AB916E70080936F /* Main.storyboard in Resources */ = {isa = PBXBuildFile; fileRef = B3CA582A1AB916E70080936F /* Main.storyboard */; };
		B3E4FD841AB752FE00DA0A79 /* PlaySoundViewController.swift in Sources */ = {isa = PBXBuildFile; fileRef = B3E4FD831AB752FE00DA0A79 /* PlaySoundViewController.swift */; };
		B3E4FD871AB7646600DA0A79 /* movie_quote.mp3 in Resources */ = {isa = PBXBuildFile; fileRef = B3E4FD861AB7646600DA0A79 /* movie_quote.mp3 */; };
		B3E4FD891AB766FE00DA0A79 /* AVFoundation.framework in Frameworks */ = {isa = PBXBuildFile; fileRef = B3E4FD881AB766FE00DA0A79 /* AVFoundation.framework */; };
		B3EAA3791AAE92C00002AAA6 /* AppDelegate.swift in Sources */ = {isa = PBXBuildFile; fileRef = B3EAA3781AAE92C00002AAA6 /* AppDelegate.swift */; };
		B3EAA37B1AAE92C00002AAA6 /* RecordSoundsViewController.swift in Sources */ = {isa = PBXBuildFile; fileRef = B3EAA37A1AAE92C00002AAA6 /* RecordSoundsViewController.swift */; };
		B3EAA3801AAE92C00002AAA6 /* Images.xcassets in Resources */ = {isa = PBXBuildFile; fileRef = B3EAA37F1AAE92C00002AAA6 /* Images.xcassets */; };
		B3EAA3831AAE92C00002AAA6 /* LaunchScreen.xib in Resources */ = {isa = PBXBuildFile; fileRef = B3EAA3811AAE92C00002AAA6 /* LaunchScreen.xib */; };
		B3EAA38F1AAE92C00002AAA6 /* Pitch_Perfect_LeoTests.swift in Sources */ = {isa = PBXBuildFile; fileRef = B3EAA38E1AAE92C00002AAA6 /* Pitch_Perfect_LeoTests.swift */; };
		B3FDFE5F1ABCDDFB00ED2CA0 /* chipmunk@2x~iphone.png in Resources */ = {isa = PBXBuildFile; fileRef = B3FDFE5E1ABCDDFB00ED2CA0 /* chipmunk@2x~iphone.png */; };
/* End PBXBuildFile section */

/* Begin PBXContainerItemProxy section */
		B3EAA3891AAE92C00002AAA6 /* PBXContainerItemProxy */ = {
			isa = PBXContainerItemProxy;
			containerPortal = B3EAA36B1AAE92BF0002AAA6 /* Project object */;
			proxyType = 1;
			remoteGlobalIDString = B3EAA3721AAE92BF0002AAA6;
			remoteInfo = "Pitch Perfect-Leo";
		};
/* End PBXContainerItemProxy section */

/* Begin PBXFileReference section */
		B370DA0F1AB78B58000C8ADF /* fast@2x~iphone.png */ = {isa = PBXFileReference; lastKnownFileType = image.png; path = "fast@2x~iphone.png"; sourceTree = "<group>"; };
		B377B3F31ABD1BC700733623 /* darthvader@2x~iphone.png */ = {isa = PBXFileReference; lastKnownFileType = image.png; path = "darthvader@2x~iphone.png"; sourceTree = "<group>"; };
		B37CCB181ABCCD4800649D01 /* RecordedAudio.swift */ = {isa = PBXFileReference; fileEncoding = 4; lastKnownFileType = sourcecode.swift; path = RecordedAudio.swift; sourceTree = "<group>"; };
		B3AE28D31ABDFD68006D9999 /* echo2x-iphone.png */ = {isa = PBXFileReference; lastKnownFileType = image.png; path = "echo2x-iphone.png"; sourceTree = "<group>"; };
		B3AE28D41ABDFD68006D9999 /* reverb2x-iphone.png */ = {isa = PBXFileReference; lastKnownFileType = image.png; path = "reverb2x-iphone.png"; sourceTree = "<group>"; };
		B3CA582B1AB916E70080936F /* Base */ = {isa = PBXFileReference; lastKnownFileType = file.storyboard; name = Base; path = Base.lproj/Main.storyboard; sourceTree = "<group>"; };
		B3E4FD831AB752FE00DA0A79 /* PlaySoundViewController.swift */ = {isa = PBXFileReference; fileEncoding = 4; lastKnownFileType = sourcecode.swift; path = PlaySoundViewController.swift; sourceTree = "<group>"; };
		B3E4FD861AB7646600DA0A79 /* movie_quote.mp3 */ = {isa = PBXFileReference; lastKnownFileType = audio.mp3; path = movie_quote.mp3; sourceTree = "<group>"; };
		B3E4FD881AB766FE00DA0A79 /* AVFoundation.framework */ = {isa = PBXFileReference; lastKnownFileType = wrapper.framework; name = AVFoundation.framework; path = System/Library/Frameworks/AVFoundation.framework; sourceTree = SDKROOT; };
		B3EAA3731AAE92BF0002AAA6 /* Pitch Perfect-Leo.app */ = {isa = PBXFileReference; explicitFileType = wrapper.application; includeInIndex = 0; path = "Pitch Perfect-Leo.app"; sourceTree = BUILT_PRODUCTS_DIR; };
		B3EAA3771AAE92C00002AAA6 /* Info.plist */ = {isa = PBXFileReference; lastKnownFileType = text.plist.xml; path = Info.plist; sourceTree = "<group>"; };
		B3EAA3781AAE92C00002AAA6 /* AppDelegate.swift */ = {isa = PBXFileReference; lastKnownFileType = sourcecode.swift; path = AppDelegate.swift; sourceTree = "<group>"; };
		B3EAA37A1AAE92C00002AAA6 /* RecordSoundsViewController.swift */ = {isa = PBXFileReference; lastKnownFileType = sourcecode.swift; path = RecordSoundsViewController.swift; sourceTree = "<group>"; };
		B3EAA37F1AAE92C00002AAA6 /* Images.xcassets */ = {isa = PBXFileReference; lastKnownFileType = folder.assetcatalog; path = Images.xcassets; sourceTree = "<group>"; };
		B3EAA3821AAE92C00002AAA6 /* Base */ = {isa = PBXFileReference; lastKnownFileType = file.xib; name = Base; path = Base.lproj/LaunchScreen.xib; sourceTree = "<group>"; };
		B3EAA3881AAE92C00002AAA6 /* Pitch Perfect-LeoTests.xctest */ = {isa = PBXFileReference; explicitFileType = wrapper.cfbundle; includeInIndex = 0; path = "Pitch Perfect-LeoTests.xctest"; sourceTree = BUILT_PRODUCTS_DIR; };
		B3EAA38D1AAE92C00002AAA6 /* Info.plist */ = {isa = PBXFileReference; lastKnownFileType = text.plist.xml; path = Info.plist; sourceTree = "<group>"; };
		B3EAA38E1AAE92C00002AAA6 /* Pitch_Perfect_LeoTests.swift */ = {isa = PBXFileReference; lastKnownFileType = sourcecode.swift; path = Pitch_Perfect_LeoTests.swift; sourceTree = "<group>"; };
		B3FDFE5E1ABCDDFB00ED2CA0 /* chipmunk@2x~iphone.png */ = {isa = PBXFileReference; lastKnownFileType = image.png; path = "chipmunk@2x~iphone.png"; sourceTree = "<group>"; };
/* End PBXFileReference section */

/* Begin PBXFrameworksBuildPhase section */
		B3EAA3701AAE92BF0002AAA6 /* Frameworks */ = {
			isa = PBXFrameworksBuildPhase;
			buildActionMask = 2147483647;
			files = (
				B3E4FD891AB766FE00DA0A79 /* AVFoundation.framework in Frameworks */,
			);
			runOnlyForDeploymentPostprocessing = 0;
		};
		B3EAA3851AAE92C00002AAA6 /* Frameworks */ = {
			isa = PBXFrameworksBuildPhase;
			buildActionMask = 2147483647;
			files = (
			);
			runOnlyForDeploymentPostprocessing = 0;
		};
/* End PBXFrameworksBuildPhase section */

/* Begin PBXGroup section */
		B3E4FD851AB7645300DA0A79 /* Sounds */ = {
			isa = PBXGroup;
			children = (
			);
			name = Sounds;
			sourceTree = "<group>";
		};
		B3EAA36A1AAE92BF0002AAA6 = {
			isa = PBXGroup;
			children = (
				B3E4FD881AB766FE00DA0A79 /* AVFoundation.framework */,
				B3EAA3751AAE92BF0002AAA6 /* Pitch Perfect-Leo */,
				B3EAA38B1AAE92C00002AAA6 /* Pitch Perfect-LeoTests */,
				B3EAA3741AAE92BF0002AAA6 /* Products */,
			);
			sourceTree = "<group>";
		};
		B3EAA3741AAE92BF0002AAA6 /* Products */ = {
			isa = PBXGroup;
			children = (
				B3EAA3731AAE92BF0002AAA6 /* Pitch Perfect-Leo.app */,
				B3EAA3881AAE92C00002AAA6 /* Pitch Perfect-LeoTests.xctest */,
			);
			name = Products;
			sourceTree = "<group>";
		};
		B3EAA3751AAE92BF0002AAA6 /* Pitch Perfect-Leo */ = {
			isa = PBXGroup;
			children = (
				B3EAA3781AAE92C00002AAA6 /* AppDelegate.swift */,
				B3EAA37A1AAE92C00002AAA6 /* RecordSoundsViewController.swift */,
				B37CCB181ABCCD4800649D01 /* RecordedAudio.swift */,
				B3E4FD831AB752FE00DA0A79 /* PlaySoundViewController.swift */,
				B3CA582A1AB916E70080936F /* Main.storyboard */,
				B3EAA37F1AAE92C00002AAA6 /* Images.xcassets */,
				B3EAA3811AAE92C00002AAA6 /* LaunchScreen.xib */,
				B3E4FD851AB7645300DA0A79 /* Sounds */,
				B3E4FD861AB7646600DA0A79 /* movie_quote.mp3 */,
				B3EAA3761AAE92C00002AAA6 /* Supporting Files */,
			);
			path = "Pitch Perfect-Leo";
			sourceTree = "<group>";
		};
		B3EAA3761AAE92C00002AAA6 /* Supporting Files */ = {
			isa = PBXGroup;
			children = (
				B3AE28D31ABDFD68006D9999 /* echo2x-iphone.png */,
				B3AE28D41ABDFD68006D9999 /* reverb2x-iphone.png */,
				B377B3F31ABD1BC700733623 /* darthvader@2x~iphone.png */,
				B370DA0F1AB78B58000C8ADF /* fast@2x~iphone.png */,
				B3FDFE5E1ABCDDFB00ED2CA0 /* chipmunk@2x~iphone.png */,
				B3EAA3771AAE92C00002AAA6 /* Info.plist */,
			);
			name = "Supporting Files";
			sourceTree = "<group>";
		};
		B3EAA38B1AAE92C00002AAA6 /* Pitch Perfect-LeoTests */ = {
			isa = PBXGroup;
			children = (
				B3EAA38E1AAE92C00002AAA6 /* Pitch_Perfect_LeoTests.swift */,
				B3EAA38C1AAE92C00002AAA6 /* Supporting Files */,
			);
			path = "Pitch Perfect-LeoTests";
			sourceTree = "<group>";
		};
		B3EAA38C1AAE92C00002AAA6 /* Supporting Files */ = {
			isa = PBXGroup;
			children = (
				B3EAA38D1AAE92C00002AAA6 /* Info.plist */,
			);
			name = "Supporting Files";
			sourceTree = "<group>";
		};
/* End PBXGroup section */

/* Begin PBXNativeTarget section */
		B3EAA3721AAE92BF0002AAA6 /* Pitch Perfect-Leo */ = {
			isa = PBXNativeTarget;
			buildConfigurationList = B3EAA3921AAE92C00002AAA6 /* Build configuration list for PBXNativeTarget "Pitch Perfect-Leo" */;
			buildPhases = (
				B3EAA36F1AAE92BF0002AAA6 /* Sources */,
				B3EAA3701AAE92BF0002AAA6 /* Frameworks */,
				B3EAA3711AAE92BF0002AAA6 /* Resources */,
			);
			buildRules = (
			);
			dependencies = (
			);
			name = "Pitch Perfect-Leo";
			productName = "Pitch Perfect-Leo";
			productReference = B3EAA3731AAE92BF0002AAA6 /* Pitch Perfect-Leo.app */;
			productType = "com.apple.product-type.application";
		};
		B3EAA3871AAE92C00002AAA6 /* Pitch Perfect-LeoTests */ = {
			isa = PBXNativeTarget;
			buildConfigurationList = B3EAA3951AAE92C00002AAA6 /* Build configuration list for PBXNativeTarget "Pitch Perfect-LeoTests" */;
			buildPhases = (
				B3EAA3841AAE92C00002AAA6 /* Sources */,
				B3EAA3851AAE92C00002AAA6 /* Frameworks */,
				B3EAA3861AAE92C00002AAA6 /* Resources */,
			);
			buildRules = (
			);
			dependencies = (
				B3EAA38A1AAE92C00002AAA6 /* PBXTargetDependency */,
			);
			name = "Pitch Perfect-LeoTests";
			productName = "Pitch Perfect-LeoTests";
			productReference = B3EAA3881AAE92C00002AAA6 /* Pitch Perfect-LeoTests.xctest */;
			productType = "com.apple.product-type.bundle.unit-test";
		};
/* End PBXNativeTarget section */

/* Begin PBXProject section */
		B3EAA36B1AAE92BF0002AAA6 /* Project object */ = {
			isa = PBXProject;
			attributes = {
				LastUpgradeCheck = 0610;
				ORGANIZATIONNAME = LooseMonkey;
				TargetAttributes = {
					B3EAA3721AAE92BF0002AAA6 = {
						CreatedOnToolsVersion = 6.1.1;
					};
					B3EAA3871AAE92C00002AAA6 = {
						CreatedOnToolsVersion = 6.1.1;
						TestTargetID = B3EAA3721AAE92BF0002AAA6;
					};
				};
			};
			buildConfigurationList = B3EAA36E1AAE92BF0002AAA6 /* Build configuration list for PBXProject "Pitch Perfect-Leo" */;
			compatibilityVersion = "Xcode 3.2";
			developmentRegion = English;
			hasScannedForEncodings = 0;
			knownRegions = (
				en,
				Base,
			);
			mainGroup = B3EAA36A1AAE92BF0002AAA6;
			productRefGroup = B3EAA3741AAE92BF0002AAA6 /* Products */;
			projectDirPath = "";
			projectRoot = "";
			targets = (
				B3EAA3721AAE92BF0002AAA6 /* Pitch Perfect-Leo */,
				B3EAA3871AAE92C00002AAA6 /* Pitch Perfect-LeoTests */,
			);
		};
/* End PBXProject section */

/* Begin PBXResourcesBuildPhase section */
		B3EAA3711AAE92BF0002AAA6 /* Resources */ = {
			isa = PBXResourcesBuildPhase;
			buildActionMask = 2147483647;
			files = (
				B370DA101AB78B58000C8ADF /* fast@2x~iphone.png in Resources */,
				B3CA582C1AB916E70080936F /* Main.storyboard in Resources */,
				B3EAA3831AAE92C00002AAA6 /* LaunchScreen.xib in Resources */,
				B3FDFE5F1ABCDDFB00ED2CA0 /* chipmunk@2x~iphone.png in Resources */,
				B3E4FD871AB7646600DA0A79 /* movie_quote.mp3 in Resources */,
				B3AE28D51ABDFD68006D9999 /* echo2x-iphone.png in Resources */,
				B377B3F41ABD1BC700733623 /* darthvader@2x~iphone.png in Resources */,
				B3EAA3801AAE92C00002AAA6 /* Images.xcassets in Resources */,
				B3AE28D61ABDFD68006D9999 /* reverb2x-iphone.png in Resources */,
			);
			runOnlyForDeploymentPostprocessing = 0;
		};
		B3EAA3861AAE92C00002AAA6 /* Resources */ = {
			isa = PBXResourcesBuildPhase;
			buildActionMask = 2147483647;
			files = (
			);
			runOnlyForDeploymentPostprocessing = 0;
		};
/* End PBXResourcesBuildPhase section */

/* Begin PBXSourcesBuildPhase section */
		B3EAA36F1AAE92BF0002AAA6 /* Sources */ = {
			isa = PBXSourcesBuildPhase;
			buildActionMask = 2147483647;
			files = (
				B37CCB191ABCCD4800649D01 /* RecordedAudio.swift in Sources */,
				B3EAA37B1AAE92C00002AAA6 /* RecordSoundsViewController.swift in Sources */,
				B3E4FD841AB752FE00DA0A79 /* PlaySoundViewController.swift in Sources */,
				B3EAA3791AAE92C00002AAA6 /* AppDelegate.swift in Sources */,
			);
			runOnlyForDeploymentPostprocessing = 0;
		};
		B3EAA3841AAE92C00002AAA6 /* Sources */ = {
			isa = PBXSourcesBuildPhase;
			buildActionMask = 2147483647;
			files = (
				B3EAA38F1AAE92C00002AAA6 /* Pitch_Perfect_LeoTests.swift in Sources */,
			);
			runOnlyForDeploymentPostprocessing = 0;
		};
/* End PBXSourcesBuildPhase section */

/* Begin PBXTargetDependency section */
		B3EAA38A1AAE92C00002AAA6 /* PBXTargetDependency */ = {
			isa = PBXTargetDependency;
			target = B3EAA3721AAE92BF0002AAA6 /* Pitch Perfect-Leo */;
			targetProxy = B3EAA3891AAE92C00002AAA6 /* PBXContainerItemProxy */;
		};
/* End PBXTargetDependency section */

/* Begin PBXVariantGroup section */
		B3CA582A1AB916E70080936F /* Main.storyboard */ = {
			isa = PBXVariantGroup;
			children = (
				B3CA582B1AB916E70080936F /* Base */,
			);
			name = Main.storyboard;
			sourceTree = "<group>";
		};
		B3EAA3811AAE92C00002AAA6 /* LaunchScreen.xib */ = {
			isa = PBXVariantGroup;
			children = (
				B3EAA3821AAE92C00002AAA6 /* Base */,
			);
			name = LaunchScreen.xib;
			sourceTree = "<group>";
		};
/* End PBXVariantGroup section */

/* Begin XCBuildConfiguration section */
		B3EAA3901AAE92C00002AAA6 /* Debug */ = {
			isa = XCBuildConfiguration;
			buildSettings = {
				ALWAYS_SEARCH_USER_PATHS = NO;
				CLANG_CXX_LANGUAGE_STANDARD = "gnu++0x";
				CLANG_CXX_LIBRARY = "libc++";
				CLANG_ENABLE_MODULES = YES;
				CLANG_ENABLE_OBJC_ARC = YES;
				CLANG_WARN_BOOL_CONVERSION = YES;
				CLANG_WARN_CONSTANT_CONVERSION = YES;
				CLANG_WARN_DIRECT_OBJC_ISA_USAGE = YES_ERROR;
				CLANG_WARN_EMPTY_BODY = YES;
				CLANG_WARN_ENUM_CONVERSION = YES;
				CLANG_WARN_INT_CONVERSION = YES;
				CLANG_WARN_OBJC_ROOT_CLASS = YES_ERROR;
				CLANG_WARN_UNREACHABLE_CODE = YES;
				CLANG_WARN__DUPLICATE_METHOD_MATCH = YES;
				"CODE_SIGN_IDENTITY[sdk=iphoneos*]" = "iPhone Developer";
				COPY_PHASE_STRIP = NO;
				ENABLE_STRICT_OBJC_MSGSEND = YES;
				GCC_C_LANGUAGE_STANDARD = gnu99;
				GCC_DYNAMIC_NO_PIC = NO;
				GCC_OPTIMIZATION_LEVEL = 0;
				GCC_PREPROCESSOR_DEFINITIONS = (
					"DEBUG=1",
					"$(inherited)",
				);
				GCC_SYMBOLS_PRIVATE_EXTERN = NO;
				GCC_WARN_64_TO_32_BIT_CONVERSION = YES;
				GCC_WARN_ABOUT_RETURN_TYPE = YES_ERROR;
				GCC_WARN_UNDECLARED_SELECTOR = YES;
				GCC_WARN_UNINITIALIZED_AUTOS = YES_AGGRESSIVE;
				GCC_WARN_UNUSED_FUNCTION = YES;
				GCC_WARN_UNUSED_VARIABLE = YES;
				IPHONEOS_DEPLOYMENT_TARGET = 8.1;
				MTL_ENABLE_DEBUG_INFO = YES;
				ONLY_ACTIVE_ARCH = YES;
				SDKROOT = iphoneos;
				SWIFT_OPTIMIZATION_LEVEL = "-Onone";
			};
			name = Debug;
		};
		B3EAA3911AAE92C00002AAA6 /* Release */ = {
			isa = XCBuildConfiguration;
			buildSettings = {
				ALWAYS_SEARCH_USER_PATHS = NO;
				CLANG_CXX_LANGUAGE_STANDARD = "gnu++0x";
				CLANG_CXX_LIBRARY = "libc++";
				CLANG_ENABLE_MODULES = YES;
				CLANG_ENABLE_OBJC_ARC = YES;
				CLANG_WARN_BOOL_CONVERSION = YES;
				CLANG_WARN_CONSTANT_CONVERSION = YES;
				CLANG_WARN_DIRECT_OBJC_ISA_USAGE = YES_ERROR;
				CLANG_WARN_EMPTY_BODY = YES;
				CLANG_WARN_ENUM_CONVERSION = YES;
				CLANG_WARN_INT_CONVERSION = YES;
				CLANG_WARN_OBJC_ROOT_CLASS = YES_ERROR;
				CLANG_WARN_UNREACHABLE_CODE = YES;
				CLANG_WARN__DUPLICATE_METHOD_MATCH = YES;
				"CODE_SIGN_IDENTITY[sdk=iphoneos*]" = "iPhone Developer";
				COPY_PHASE_STRIP = YES;
				ENABLE_NS_ASSERTIONS = NO;
				ENABLE_STRICT_OBJC_MSGSEND = YES;
				GCC_C_LANGUAGE_STANDARD = gnu99;
				GCC_WARN_64_TO_32_BIT_CONVERSION = YES;
				GCC_WARN_ABOUT_RETURN_TYPE = YES_ERROR;
				GCC_WARN_UNDECLARED_SELECTOR = YES;
				GCC_WARN_UNINITIALIZED_AUTOS = YES_AGGRESSIVE;
				GCC_WARN_UNUSED_FUNCTION = YES;
				GCC_WARN_UNUSED_VARIABLE = YES;
				IPHONEOS_DEPLOYMENT_TARGET = 8.1;
				MTL_ENABLE_DEBUG_INFO = NO;
				SDKROOT = iphoneos;
				VALIDATE_PRODUCT = YES;
			};
			name = Release;
		};
		B3EAA3931AAE92C00002AAA6 /* Debug */ = {
			isa = XCBuildConfiguration;
			buildSettings = {
				ASSETCATALOG_COMPILER_APPICON_NAME = AppIcon;
				INFOPLIST_FILE = "Pitch Perfect-Leo/Info.plist";
				LD_RUNPATH_SEARCH_PATHS = "$(inherited) @executable_path/Frameworks";
				PRODUCT_NAME = "$(TARGET_NAME)";
			};
			name = Debug;
		};
		B3EAA3941AAE92C00002AAA6 /* Release */ = {
			isa = XCBuildConfiguration;
			buildSettings = {
				ASSETCATALOG_COMPILER_APPICON_NAME = AppIcon;
				INFOPLIST_FILE = "Pitch Perfect-Leo/Info.plist";
				LD_RUNPATH_SEARCH_PATHS = "$(inherited) @executable_path/Frameworks";
				PRODUCT_NAME = "$(TARGET_NAME)";
			};
			name = Release;
		};
		B3EAA3961AAE92C00002AAA6 /* Debug */ = {
			isa = XCBuildConfiguration;
			buildSettings = {
				BUNDLE_LOADER = "$(TEST_HOST)";
				FRAMEWORK_SEARCH_PATHS = (
					"$(SDKROOT)/Developer/Library/Frameworks",
					"$(inherited)",
				);
				GCC_PREPROCESSOR_DEFINITIONS = (
					"DEBUG=1",
					"$(inherited)",
				);
				INFOPLIST_FILE = "Pitch Perfect-LeoTests/Info.plist";
				LD_RUNPATH_SEARCH_PATHS = "$(inherited) @executable_path/Frameworks @loader_path/Frameworks";
				PRODUCT_NAME = "$(TARGET_NAME)";
				TEST_HOST = "$(BUILT_PRODUCTS_DIR)/Pitch Perfect-Leo.app/Pitch Perfect-Leo";
			};
			name = Debug;
		};
		B3EAA3971AAE92C00002AAA6 /* Release */ = {
			isa = XCBuildConfiguration;
			buildSettings = {
				BUNDLE_LOADER = "$(TEST_HOST)";
				FRAMEWORK_SEARCH_PATHS = (
					"$(SDKROOT)/Developer/Library/Frameworks",
					"$(inherited)",
				);
				INFOPLIST_FILE = "Pitch Perfect-LeoTests/Info.plist";
				LD_RUNPATH_SEARCH_PATHS = "$(inherited) @executable_path/Frameworks @loader_path/Frameworks";
				PRODUCT_NAME = "$(TARGET_NAME)";
				TEST_HOST = "$(BUILT_PRODUCTS_DIR)/Pitch Perfect-Leo.app/Pitch Perfect-Leo";
			};
			name = Release;
		};
/* End XCBuildConfiguration section */

/* Begin XCConfigurationList section */
		B3EAA36E1AAE92BF0002AAA6 /* Build configuration list for PBXProject "Pitch Perfect-Leo" */ = {
			isa = XCConfigurationList;
			buildConfigurations = (
				B3EAA3901AAE92C00002AAA6 /* Debug */,
				B3EAA3911AAE92C00002AAA6 /* Release */,
			);
			defaultConfigurationIsVisible = 0;
			defaultConfigurationName = Release;
		};
		B3EAA3921AAE92C00002AAA6 /* Build configuration list for PBXNativeTarget "Pitch Perfect-Leo" */ = {
			isa = XCConfigurationList;
			buildConfigurations = (
				B3EAA3931AAE92C00002AAA6 /* Debug */,
				B3EAA3941AAE92C00002AAA6 /* Release */,
			);
			defaultConfigurationIsVisible = 0;
			defaultConfigurationName = Release;
		};
		B3EAA3951AAE92C00002AAA6 /* Build configuration list for PBXNativeTarget "Pitch Perfect-LeoTests" */ = {
			isa = XCConfigurationList;
			buildConfigurations = (
				B3EAA3961AAE92C00002AAA6 /* Debug */,
				B3EAA3971AAE92C00002AAA6 /* Release */,
			);
			defaultConfigurationIsVisible = 0;
			defaultConfigurationName = Release;
		};
/* End XCConfigurationList section */
	};
	rootObject = B3EAA36B1AAE92BF0002AAA6 /* Project object */;
}
